
Microsoft Visual Studio Solution File, Format Version 12.00
# Visual Studio Version 17
VisualStudioVersion = 17.3.32929.385
MinimumVisualStudioVersion = 10.0.40219.1
Project("{FAE04EC0-301F-11D3-BF4B-00C04F79EFBC}") = "ClassWork2", "ClassWork2.csproj", "{60E108BE-3BE9-49A8-AA0D-4954758BC585}"
EndProject
Global
	GlobalSection(SolutionConfigurationPlatforms) = preSolution
		Debug|Any CPU = Debug|Any CPU
		Release|Any CPU = Release|Any CPU
	EndGlobalSection
	GlobalSection(ProjectConfigurationPlatforms) = postSolution
		{60E108BE-3BE9-49A8-AA0D-4954758BC585}.Debug|Any CPU.ActiveCfg = Debug|Any CPU
		{60E108BE-3BE9-49A8-AA0D-4954758BC585}.Debug|Any CPU.Build.0 = Debug|Any CPU
		{60E108BE-3BE9-49A8-AA0D-4954758BC585}.Release|Any CPU.ActiveCfg = Release|Any CPU
		{60E108BE-3BE9-49A8-AA0D-4954758BC585}.Release|Any CPU.Build.0 = Release|Any CPU
	EndGlobalSection
	GlobalSection(SolutionProperties) = preSolution
		HideSolutionNode = FALSE
	EndGlobalSection
	GlobalSection(ExtensibilityGlobals) = postSolution
		SolutionGuid = {7BC6BAF4-A4CA-4B11-9F89-629E27ACFC1E}
	EndGlobalSection
EndGlobal
